
Microsoft Visual Studio Solution File, Format Version 12.00
# Visual Studio Version 16
VisualStudioVersion = 16.0.29209.62
MinimumVisualStudioVersion = 10.0.40219.1
Project("{FAE04EC0-301F-11D3-BF4B-00C04F79EFBC}") = "PictureSlide", "PictureSlide\PictureSlide.csproj", "{B18131F2-6733-4486-B605-6F90725D9209}"
EndProject
Global
	GlobalSection(SolutionConfigurationPlatforms) = preSolution
		Debug|Any CPU = Debug|Any CPU
		Release|Any CPU = Release|Any CPU
	EndGlobalSection
	GlobalSection(ProjectConfigurationPlatforms) = postSolution
		{B18131F2-6733-4486-B605-6F90725D9209}.Debug|Any CPU.ActiveCfg = Debug|Any CPU
		{B18131F2-6733-4486-B605-6F90725D9209}.Debug|Any CPU.Build.0 = Debug|Any CPU
		{B18131F2-6733-4486-B605-6F90725D9209}.Release|Any CPU.ActiveCfg = Release|Any CPU
		{B18131F2-6733-4486-B605-6F90725D9209}.Release|Any CPU.Build.0 = Release|Any CPU
	EndGlobalSection
	GlobalSection(SolutionProperties) = preSolution
		HideSolutionNode = FALSE
	EndGlobalSection
	GlobalSection(ExtensibilityGlobals) = postSolution
		SolutionGuid = {A49AB0E4-26C5-45C1-93A9-CBCBCEA21B45}
	EndGlobalSection
EndGlobal
